
Microsoft Visual Studio Solution File, Format Version 12.00
# Visual Studio Version 17
VisualStudioVersion = 17.3.32819.101
MinimumVisualStudioVersion = 10.0.40219.1
Project("{FAE04EC0-301F-11D3-BF4B-00C04F79EFBC}") = "speechai1", "speechai1\speechai1.csproj", "{736E247A-3226-4E78-A52D-E4967C31BAD2}"
EndProject
Global
	GlobalSection(SolutionConfigurationPlatforms) = preSolution
		Debug|Any CPU = Debug|Any CPU
		Release|Any CPU = Release|Any CPU
	EndGlobalSection
	GlobalSection(ProjectConfigurationPlatforms) = postSolution
		{736E247A-3226-4E78-A52D-E4967C31BAD2}.Debug|Any CPU.ActiveCfg = Debug|Any CPU
		{736E247A-3226-4E78-A52D-E4967C31BAD2}.Debug|Any CPU.Build.0 = Debug|Any CPU
		{736E247A-3226-4E78-A52D-E4967C31BAD2}.Release|Any CPU.ActiveCfg = Release|Any CPU
		{736E247A-3226-4E78-A52D-E4967C31BAD2}.Release|Any CPU.Build.0 = Release|Any CPU
	EndGlobalSection
	GlobalSection(SolutionProperties) = preSolution
		HideSolutionNode = FALSE
	EndGlobalSection
	GlobalSection(ExtensibilityGlobals) = postSolution
		SolutionGuid = {893C97A9-547E-45D9-AF18-9F4D08E540A2}
	EndGlobalSection
EndGlobal
